{
  "name": "json-ref-id",
  "version": "2.0.4",
  "lockfileVersion": 1,
  "requires": true,
  "dependencies": {
    "@types/lodash": {
      "version": "4.14.132",
      "resolved": "https://registry.npmjs.org/@types/lodash/-/lodash-4.14.132.tgz",
      "integrity": "sha512-RNUU1rrh85NgUJcjOOr96YXr+RHwInGbaQCZmlitqOaCKXffj8bh+Zxwuq5rjDy5OgzFldDVoqk4pyLEDiwxIw=="
    },
    "@types/lodash.forown": {
      "version": "4.4.6",
      "resolved": "https://registry.npmjs.org/@types/lodash.forown/-/lodash.forown-4.4.6.tgz",
      "integrity": "sha512-eKkyHSrWaV6ZQraemtJZh7h32AoWzt2jTIhTjqc+UiAs+bdIHwHe5UNXHVluxSrXV31PRfvwWRGfei5PC3iRtA==",
      "dev": true,
      "requires": {
        "@types/lodash": "*"
      }
    },
    "@types/lodash.has": {
      "version": "4.5.6",
      "resolved": "https://pkgs.dev.azure.com/neosphere-darwin/_packaging/Main/npm/registry/@types/lodash.has/-/lodash.has-4.5.6.tgz",
      "integrity": "sha1-2U0/C0XO0q521jIIDa9w6bduKes=",
      "requires": {
        "@types/lodash": "*"
      }
    },
    "@types/lodash.includes": {
      "version": "4.3.6",
      "resolved": "https://pkgs.dev.azure.com/neosphere-darwin/_packaging/Main/npm/registry/@types/lodash.includes/-/lodash.includes-4.3.6.tgz",
      "integrity": "sha1-R6gG+d1q1evjXP1GCW2zSEIMP7A=",
      "dev": true,
      "requires": {
        "@types/lodash": "*"
      }
    },
    "@types/lodash.isarray": {
      "version": "4.0.6",
      "resolved": "https://pkgs.dev.azure.com/neosphere-darwin/_packaging/Main/npm/registry/@types/lodash.isarray/-/lodash.isarray-4.0.6.tgz",
      "integrity": "sha1-WXnEMBUI2Vcd+3QLgaLxcrc4Kt4=",
      "requires": {
        "@types/lodash": "*"
      }
    },
    "@types/lodash.isdate": {
      "version": "4.0.6",
      "resolved": "https://pkgs.dev.azure.com/neosphere-darwin/_packaging/Main/npm/registry/@types/lodash.isdate/-/lodash.isdate-4.0.6.tgz",
      "integrity": "sha1-IqCZjwgHROjOflLzzgxKnSF+UsI=",
      "requires": {
        "@types/lodash": "*"
      }
    },
    "@types/lodash.isobject": {
      "version": "3.0.6",
      "resolved": "https://registry.npmjs.org/@types/lodash.isobject/-/lodash.isobject-3.0.6.tgz",
      "integrity": "sha512-2lwGbaIXMR5hjO56nCvI7W6bmY3Y3uJvbHWqO9MtOE1StyhZ1VtLINQ0MLC87rrB3zHHp+u4DHeal70rx1kvjw==",
      "dev": true,
      "requires": {
        "@types/lodash": "*"
      }
    },
    "@types/lodash.map": {
      "version": "4.6.13",
      "resolved": "https://pkgs.dev.azure.com/neosphere-darwin/_packaging/Main/npm/registry/@types/lodash.map/-/lodash.map-4.6.13.tgz",
      "integrity": "sha1-fXdmEdTANF5Iz9/kZteykbMdHRM=",
      "requires": {
        "@types/lodash": "*"
      }
    },
    "lodash.forown": {
      "version": "4.4.0",
      "resolved": "https://registry.npmjs.org/lodash.forown/-/lodash.forown-4.4.0.tgz",
      "integrity": "sha1-hRFc8E9z75ZuztUlEdOJPMRmg68="
    },
    "lodash.has": {
      "version": "4.5.2",
      "resolved": "https://pkgs.dev.azure.com/neosphere-darwin/_packaging/Main/npm/registry/lodash.has/-/lodash.has-4.5.2.tgz",
      "integrity": "sha1-0Z9NwQlQWMzL4rDN9O4P5Ko3yGI="
    },
    "lodash.includes": {
      "version": "4.3.0",
      "resolved": "https://pkgs.dev.azure.com/neosphere-darwin/_packaging/Main/npm/registry/lodash.includes/-/lodash.includes-4.3.0.tgz",
      "integrity": "sha1-YLuYqHy5I8aMoeUTJUgzFISfVT8="
    },
    "lodash.isarray": {
      "version": "4.0.0",
      "resolved": "https://pkgs.dev.azure.com/neosphere-darwin/_packaging/Main/npm/registry/lodash.isarray/-/lodash.isarray-4.0.0.tgz",
      "integrity": "sha1-KspJayjEym1yZxUxNZDALm6jRAM="
    },
    "lodash.isdate": {
      "version": "4.0.1",
      "resolved": "https://pkgs.dev.azure.com/neosphere-darwin/_packaging/Main/npm/registry/lodash.isdate/-/lodash.isdate-4.0.1.tgz",
      "integrity": "sha1-NaVDZzuddhEN5BFLMsxXcEin82Y="
    },
    "lodash.isobject": {
      "version": "3.0.2",
      "resolved": "https://registry.npmjs.org/lodash.isobject/-/lodash.isobject-3.0.2.tgz",
      "integrity": "sha1-PI+41bW/S/kK4G4U8qUwpO2TXh0="
    },
    "lodash.map": {
      "version": "4.6.0",
      "resolved": "https://pkgs.dev.azure.com/neosphere-darwin/_packaging/Main/npm/registry/lodash.map/-/lodash.map-4.6.0.tgz",
      "integrity": "sha1-dx7Hg540c9nEzeKLGTlMNWL09tM="
    }
  }
}
